// !$*UTF8*$!
{
	archiveVersion = 1;
	classes = {
	};
	objectVersion = 56;
	objects = {

/* Begin PBXBuildFile section */
		FA747A172F5B2B9E0043EC01 /* AiStroykaWorkerApp.swift in Sources */ = {isa = PBXBuildFile; fileRef = FA747A162F5B2B9E0043EC01 /* AiStroykaWorkerApp.swift */; };
		FA747A1B2F5B2BA20043EC01 /* Assets.xcassets in Resources */ = {isa = PBXBuildFile; fileRef = FA747A1A2F5B2BA20043EC01 /* Assets.xcassets */; };
		FA747A1E2F5B2BA20043EC01 /* Preview Assets.xcassets in Resources */ = {isa = PBXBuildFile; fileRef = FA747A1D2F5B2BA20043EC01 /* Preview Assets.xcassets */; };
		FA747A282F5B2BA20043EC01 /* AiStroykaWorkerTests.swift in Sources */ = {isa = PBXBuildFile; fileRef = FA747A272F5B2BA20043EC01 /* AiStroykaWorkerTests.swift */; };
		FA747A322F5B2BA30043EC01 /* AiStroykaWorkerUITests.swift in Sources */ = {isa = PBXBuildFile; fileRef = FA747A312F5B2BA30043EC01 /* AiStroykaWorkerUITests.swift */; };
		FA747A342F5B2BA30043EC01 /* AiStroykaWorkerUITestsLaunchTests.swift in Sources */ = {isa = PBXBuildFile; fileRef = FA747A332F5B2BA30043EC01 /* AiStroykaWorkerUITestsLaunchTests.swift */; };
		FA747B012F5B2B9E0043EC01 /* AppState.swift in Sources */ = {isa = PBXBuildFile; fileRef = FA747B022F5B2B9E0043EC01 /* AppState.swift */; };
		FA747B032F5B2B9E0043EC01 /* RootView.swift in Sources */ = {isa = PBXBuildFile; fileRef = FA747B042F5B2B9E0043EC01 /* RootView.swift */; };
		FA747B052F5B2B9E0043EC01 /* APIError.swift in Sources */ = {isa = PBXBuildFile; fileRef = FA747B062F5B2B9E0043EC01 /* APIError.swift */; };
		FA747B072F5B2B9E0043EC01 /* Config.swift in Sources */ = {isa = PBXBuildFile; fileRef = FA747B082F5B2B9E0043EC01 /* Config.swift */; };
		FA747B092F5B2B9E0043EC01 /* DeviceContext.swift in Sources */ = {isa = PBXBuildFile; fileRef = FA747B0A2F5B2B9E0043EC01 /* DeviceContext.swift */; };
		FA747B0B2F5B2B9E0043EC01 /* KeychainHelper.swift in Sources */ = {isa = PBXBuildFile; fileRef = FA747B0C2F5B2B9E0043EC01 /* KeychainHelper.swift */; };
		FA747B0D2F5B2B9E0043EC01 /* APIClient.swift in Sources */ = {isa = PBXBuildFile; fileRef = FA747B0E2F5B2B9E0043EC01 /* APIClient.swift */; };
		FA747B0F2F5B2B9E0043EC01 /* Endpoints.swift in Sources */ = {isa = PBXBuildFile; fileRef = FA747B102F5B2B9E0043EC01 /* Endpoints.swift */; };
		FA747B112F5B2B9E0043EC01 /* AuthService.swift in Sources */ = {isa = PBXBuildFile; fileRef = FA747B122F5B2B9E0043EC01 /* AuthService.swift */; };
		FA747B132F5B2B9E0043EC01 /* UploadManager.swift in Sources */ = {isa = PBXBuildFile; fileRef = FA747B142F5B2B9E0043EC01 /* UploadManager.swift */; };
		FA747B152F5B2B9E0043EC01 /* WorkerAPI.swift in Sources */ = {isa = PBXBuildFile; fileRef = FA747B162F5B2B9E0043EC01 /* WorkerAPI.swift */; };
		FA747B172F5B2B9E0043EC01 /* LoginView.swift in Sources */ = {isa = PBXBuildFile; fileRef = FA747B182F5B2B9E0043EC01 /* LoginView.swift */; };
		FA747B192F5B2B9E0043EC01 /* HomeContainerView.swift in Sources */ = {isa = PBXBuildFile; fileRef = FA747B1A2F5B2B9E0043EC01 /* HomeContainerView.swift */; };
		FA747B1B2F5B2B9E0043EC01 /* HomeView.swift in Sources */ = {isa = PBXBuildFile; fileRef = FA747B1C2F5B2B9E0043EC01 /* HomeView.swift */; };
		FA747B1D2F5B2B9E0043EC01 /* ProjectPickerView.swift in Sources */ = {isa = PBXBuildFile; fileRef = FA747B1E2F5B2B9E0043EC01 /* ProjectPickerView.swift */; };
		FA747B1F2F5B2B9E0043EC01 /* ReportCreateView.swift in Sources */ = {isa = PBXBuildFile; fileRef = FA747B202F5B2B9E0043EC01 /* ReportCreateView.swift */; };
		FA747B212F5B2B9E0043EC01 /* ImagePicker.swift in Sources */ = {isa = PBXBuildFile; fileRef = FA747B222F5B2B9E0043EC01 /* ImagePicker.swift */; };
		FA747B382F5B2BA40043EC01 /* AppStateStore.swift in Sources */ = {isa = PBXBuildFile; fileRef = FA747B392F5B2BA40043EC01 /* AppStateStore.swift */; };
		FA747B3A2F5B2BA40043EC01 /* NetworkMonitor.swift in Sources */ = {isa = PBXBuildFile; fileRef = FA747B3B2F5B2BA40043EC01 /* NetworkMonitor.swift */; };
		FA747B3C2F5B2BA40043EC01 /* SyncService.swift in Sources */ = {isa = PBXBuildFile; fileRef = FA747B3D2F5B2BA40043EC01 /* SyncService.swift */; };
		FA747B402F5B2BA50043EC01 /* Operation.swift in Sources */ = {isa = PBXBuildFile; fileRef = FA747B412F5B2BA50043EC01 /* Operation.swift */; };
		FA747B422F5B2BA50043EC01 /* OperationQueueStore.swift in Sources */ = {isa = PBXBuildFile; fileRef = FA747B432F5B2BA50043EC01 /* OperationQueueStore.swift */; };
		FA747B442F5B2BA50043EC01 /* OperationQueueExecutor.swift in Sources */ = {isa = PBXBuildFile; fileRef = FA747B452F5B2BA50043EC01 /* OperationQueueExecutor.swift */; };
		FA747B462F5B2BA50043EC01 /* CameraPicker.swift in Sources */ = {isa = PBXBuildFile; fileRef = FA747B472F5B2BA50043EC01 /* CameraPicker.swift */; };
		FA747B482F5B2BA60043EC01 /* BackgroundUploadService.swift in Sources */ = {isa = PBXBuildFile; fileRef = FA747B492F5B2BA60043EC01 /* BackgroundUploadService.swift */; };
		FA747B4A2F5B2BA60043EC01 /* AiStroykaWorkerAppDelegate.swift in Sources */ = {isa = PBXBuildFile; fileRef = FA747B4B2F5B2BA60043EC01 /* AiStroykaWorkerAppDelegate.swift */; };
		FA747B4C2F5B2BA60043EC01 /* TaskDetailView.swift in Sources */ = {isa = PBXBuildFile; fileRef = FA747B4D2F5B2BA60043EC01 /* TaskDetailView.swift */; };
		FA747B502F5B2BA60043EC01 /* PushRegistrationService.swift in Sources */ = {isa = PBXBuildFile; fileRef = FA747B512F5B2BA60043EC01 /* PushRegistrationService.swift */; };
		FA747B522F5B2BA60043EC01 /* LocalReminderService.swift in Sources */ = {isa = PBXBuildFile; fileRef = FA747B532F5B2BA60043EC01 /* LocalReminderService.swift */; };
		FA7480022F5B2BA60043EC01 /* AiStroykaManagerApp.swift in Sources */ = {isa = PBXBuildFile; fileRef = FA7480032F5B2BA60043EC01 /* AiStroykaManagerApp.swift */; };
		FA7480042F5B2BA60043EC01 /* ManagerSessionState.swift in Sources */ = {isa = PBXBuildFile; fileRef = FA7480052F5B2BA60043EC01 /* ManagerSessionState.swift */; };
		FA7480062F5B2BA60043EC01 /* ManagerRootView.swift in Sources */ = {isa = PBXBuildFile; fileRef = FA7480072F5B2BA60043EC01 /* ManagerRootView.swift */; };
		FA7480092F5B2BA60043EC01 /* Assets.xcassets in Resources */ = {isa = PBXBuildFile; fileRef = FA74800A2F5B2BA60043EC01 /* Assets.xcassets */; };
		FA74800B2F5B2BA60043EC01 /* ManagerLoginView.swift in Sources */ = {isa = PBXBuildFile; fileRef = FA74800C2F5B2BA60043EC01 /* ManagerLoginView.swift */; };
		FA74800D2F5B2BA60043EC01 /* ManagerUnauthorizedView.swift in Sources */ = {isa = PBXBuildFile; fileRef = FA74800E2F5B2BA60043EC01 /* ManagerUnauthorizedView.swift */; };
		FA74800F2F5B2BA60043EC01 /* ManagerTabShell.swift in Sources */ = {isa = PBXBuildFile; fileRef = FA7480102F5B2BA60043EC01 /* ManagerTabShell.swift */; };
		FA7480112F5B2BA60043EC01 /* HomeDashboardView.swift in Sources */ = {isa = PBXBuildFile; fileRef = FA7480122F5B2BA60043EC01 /* HomeDashboardView.swift */; };
		FA7480132F5B2BA60043EC01 /* ProjectsListView.swift in Sources */ = {isa = PBXBuildFile; fileRef = FA7480142F5B2BA60043EC01 /* ProjectsListView.swift */; };
		FA7480152F5B2BA60043EC01 /* TasksListPlaceholderView.swift in Sources */ = {isa = PBXBuildFile; fileRef = FA7480162F5B2BA60043EC01 /* TasksListPlaceholderView.swift */; };
		FA7480172F5B2BA60043EC01 /* ReportsInboxPlaceholderView.swift in Sources */ = {isa = PBXBuildFile; fileRef = FA7480182F5B2BA60043EC01 /* ReportsInboxPlaceholderView.swift */; };
		FA7480192F5B2BA60043EC01 /* TeamOverviewPlaceholderView.swift in Sources */ = {isa = PBXBuildFile; fileRef = FA74801A2F5B2BA60043EC01 /* TeamOverviewPlaceholderView.swift */; };
		FA74801B2F5B2BA60043EC01 /* AICopilotPlaceholderView.swift in Sources */ = {isa = PBXBuildFile; fileRef = FA74801C2F5B2BA60043EC01 /* AICopilotPlaceholderView.swift */; };
		FA74801D2F5B2BA60043EC01 /* ManagerMoreView.swift in Sources */ = {isa = PBXBuildFile; fileRef = FA74801E2F5B2BA60043EC01 /* ManagerMoreView.swift */; };
		FA74801F2F5B2BA60043EC01 /* ManagerSettingsView.swift in Sources */ = {isa = PBXBuildFile; fileRef = FA7480202F5B2BA60043EC01 /* ManagerSettingsView.swift */; };
		FA7480212F5B2BA60043EC01 /* NotificationsPlaceholderView.swift in Sources */ = {isa = PBXBuildFile; fileRef = FA7480222F5B2BA60043EC01 /* NotificationsPlaceholderView.swift */; };
		FA74803B2F5B2BA60043EC01 /* ManagerAPI.swift in Sources */ = {isa = PBXBuildFile; fileRef = FA74803C2F5B2BA60043EC01 /* ManagerAPI.swift */; };
		FA7480232F5B2BA60043EC01 /* APIError.swift in Sources */ = {isa = PBXBuildFile; fileRef = FA747B062F5B2B9E0043EC01 /* APIError.swift */; };
		FA7480242F5B2BA60043EC01 /* Config.swift in Sources */ = {isa = PBXBuildFile; fileRef = FA747B082F5B2B9E0043EC01 /* Config.swift */; };
		FA7480252F5B2BA60043EC01 /* DeviceContext.swift in Sources */ = {isa = PBXBuildFile; fileRef = FA747B0A2F5B2B9E0043EC01 /* DeviceContext.swift */; };
		FA7480262F5B2BA60043EC01 /* KeychainHelper.swift in Sources */ = {isa = PBXBuildFile; fileRef = FA747B0C2F5B2B9E0043EC01 /* KeychainHelper.swift */; };
		FA7480272F5B2BA60043EC01 /* APIClient.swift in Sources */ = {isa = PBXBuildFile; fileRef = FA747B0E2F5B2B9E0043EC01 /* APIClient.swift */; };
		FA7480282F5B2BA60043EC01 /* Endpoints.swift in Sources */ = {isa = PBXBuildFile; fileRef = FA747B102F5B2B9E0043EC01 /* Endpoints.swift */; };
		FA7480292F5B2BA60043EC01 /* AuthService.swift in Sources */ = {isa = PBXBuildFile; fileRef = FA747B122F5B2B9E0043EC01 /* AuthService.swift */; };
		FA74802A2F5B2BA60043EC01 /* NetworkMonitor.swift in Sources */ = {isa = PBXBuildFile; fileRef = FA747B3B2F5B2BA40043EC01 /* NetworkMonitor.swift */; };
		FA7480402F5B2BA60043EC01 /* LoadingStateView.swift in Sources */ = {isa = PBXBuildFile; fileRef = FA7480412F5B2BA60043EC01 /* LoadingStateView.swift */; };
		FA7480422F5B2BA60043EC01 /* EmptyStateView.swift in Sources */ = {isa = PBXBuildFile; fileRef = FA7480432F5B2BA60043EC01 /* EmptyStateView.swift */; };
		FA7480442F5B2BA60043EC01 /* ErrorStateView.swift in Sources */ = {isa = PBXBuildFile; fileRef = FA7480452F5B2BA60043EC01 /* ErrorStateView.swift */; };
		FA7480462F5B2BA60043EC01 /* KPICard.swift in Sources */ = {isa = PBXBuildFile; fileRef = FA7480472F5B2BA60043EC01 /* KPICard.swift */; };
		FA7480502F5B2BA60043EC01 /* TeamOverviewView.swift in Sources */ = {isa = PBXBuildFile; fileRef = FA7480512F5B2BA60043EC01 /* TeamOverviewView.swift */; };
		FA7480522F5B2BA60043EC01 /* ReportsInboxView.swift in Sources */ = {isa = PBXBuildFile; fileRef = FA7480532F5B2BA60043EC01 /* ReportsInboxView.swift */; };
		FA7480542F5B2BA60043EC01 /* TasksListView.swift in Sources */ = {isa = PBXBuildFile; fileRef = FA7480552F5B2BA60043EC01 /* TasksListView.swift */; };
		FA7480562F5B2BA60043EC01 /* AITabView.swift in Sources */ = {isa = PBXBuildFile; fileRef = FA7480572F5B2BA60043EC01 /* AITabView.swift */; };
		FA7480582F5B2BA60043EC01 /* SectionHeaderView.swift in Sources */ = {isa = PBXBuildFile; fileRef = FA7480592F5B2BA60043EC01 /* SectionHeaderView.swift */; };
/* End PBXBuildFile section */

/* Begin PBXContainerItemProxy section */
		FA747A242F5B2BA20043EC01 /* PBXContainerItemProxy */ = {
			isa = PBXContainerItemProxy;
			containerPortal = FA747A0B2F5B2B9E0043EC01 /* Project object */;
			proxyType = 1;
			remoteGlobalIDString = FA747A122F5B2B9E0043EC01;
			remoteInfo = AiStroykaWorker;
		};
		FA747A2E2F5B2BA30043EC01 /* PBXContainerItemProxy */ = {
			isa = PBXContainerItemProxy;
			containerPortal = FA747A0B2F5B2B9E0043EC01 /* Project object */;
			proxyType = 1;
			remoteGlobalIDString = FA747A122F5B2B9E0043EC01;
			remoteInfo = AiStroykaWorker;
		};
/* End PBXContainerItemProxy section */

/* Begin PBXFileReference section */
		FA747A132F5B2B9E0043EC01 /* AiStroykaWorker.app */ = {isa = PBXFileReference; explicitFileType = wrapper.application; includeInIndex = 0; path = AiStroykaWorker.app; sourceTree = BUILT_PRODUCTS_DIR; };
		FA747A162F5B2B9E0043EC01 /* AiStroykaWorkerApp.swift */ = {isa = PBXFileReference; lastKnownFileType = sourcecode.swift; path = AiStroykaWorkerApp.swift; sourceTree = "<group>"; };
		FA747A1A2F5B2BA20043EC01 /* Assets.xcassets */ = {isa = PBXFileReference; lastKnownFileType = folder.assetcatalog; path = Assets.xcassets; sourceTree = "<group>"; };
		FA747A1D2F5B2BA20043EC01 /* Preview Assets.xcassets */ = {isa = PBXFileReference; lastKnownFileType = folder.assetcatalog; path = "Preview Assets.xcassets"; sourceTree = "<group>"; };
		FA747A232F5B2BA20043EC01 /* AiStroykaWorkerTests.xctest */ = {isa = PBXFileReference; explicitFileType = wrapper.cfbundle; includeInIndex = 0; path = AiStroykaWorkerTests.xctest; sourceTree = BUILT_PRODUCTS_DIR; };
		FA747A272F5B2BA20043EC01 /* AiStroykaWorkerTests.swift */ = {isa = PBXFileReference; lastKnownFileType = sourcecode.swift; path = AiStroykaWorkerTests.swift; sourceTree = "<group>"; };
		FA747A2D2F5B2BA30043EC01 /* AiStroykaWorkerUITests.xctest */ = {isa = PBXFileReference; explicitFileType = wrapper.cfbundle; includeInIndex = 0; path = AiStroykaWorkerUITests.xctest; sourceTree = BUILT_PRODUCTS_DIR; };
		FA747A312F5B2BA30043EC01 /* AiStroykaWorkerUITests.swift */ = {isa = PBXFileReference; lastKnownFileType = sourcecode.swift; path = AiStroykaWorkerUITests.swift; sourceTree = "<group>"; };
		FA747A332F5B2BA30043EC01 /* AiStroykaWorkerUITestsLaunchTests.swift */ = {isa = PBXFileReference; lastKnownFileType = sourcecode.swift; path = AiStroykaWorkerUITestsLaunchTests.swift; sourceTree = "<group>"; };
		FA747B022F5B2B9E0043EC01 /* AppState.swift */ = {isa = PBXFileReference; lastKnownFileType = sourcecode.swift; path = AppState.swift; sourceTree = "<group>"; };
		FA747B042F5B2B9E0043EC01 /* RootView.swift */ = {isa = PBXFileReference; lastKnownFileType = sourcecode.swift; path = RootView.swift; sourceTree = "<group>"; };
		FA747B062F5B2B9E0043EC01 /* APIError.swift */ = {isa = PBXFileReference; lastKnownFileType = sourcecode.swift; path = APIError.swift; sourceTree = "<group>"; };
		FA747B082F5B2B9E0043EC01 /* Config.swift */ = {isa = PBXFileReference; lastKnownFileType = sourcecode.swift; path = Config.swift; sourceTree = "<group>"; };
		FA747B0A2F5B2B9E0043EC01 /* DeviceContext.swift */ = {isa = PBXFileReference; lastKnownFileType = sourcecode.swift; path = DeviceContext.swift; sourceTree = "<group>"; };
		FA747B0C2F5B2B9E0043EC01 /* KeychainHelper.swift */ = {isa = PBXFileReference; lastKnownFileType = sourcecode.swift; path = KeychainHelper.swift; sourceTree = "<group>"; };
		FA747B0E2F5B2B9E0043EC01 /* APIClient.swift */ = {isa = PBXFileReference; lastKnownFileType = sourcecode.swift; path = APIClient.swift; sourceTree = "<group>"; };
		FA747B102F5B2B9E0043EC01 /* Endpoints.swift */ = {isa = PBXFileReference; lastKnownFileType = sourcecode.swift; path = Endpoints.swift; sourceTree = "<group>"; };
		FA747B122F5B2B9E0043EC01 /* AuthService.swift */ = {isa = PBXFileReference; lastKnownFileType = sourcecode.swift; path = AuthService.swift; sourceTree = "<group>"; };
		FA747B142F5B2B9E0043EC01 /* UploadManager.swift */ = {isa = PBXFileReference; lastKnownFileType = sourcecode.swift; path = UploadManager.swift; sourceTree = "<group>"; };
		FA747B162F5B2B9E0043EC01 /* WorkerAPI.swift */ = {isa = PBXFileReference; lastKnownFileType = sourcecode.swift; path = WorkerAPI.swift; sourceTree = "<group>"; };
		FA747B182F5B2B9E0043EC01 /* LoginView.swift */ = {isa = PBXFileReference; lastKnownFileType = sourcecode.swift; path = LoginView.swift; sourceTree = "<group>"; };
		FA747B1A2F5B2B9E0043EC01 /* HomeContainerView.swift */ = {isa = PBXFileReference; lastKnownFileType = sourcecode.swift; path = HomeContainerView.swift; sourceTree = "<group>"; };
		FA747B1C2F5B2B9E0043EC01 /* HomeView.swift */ = {isa = PBXFileReference; lastKnownFileType = sourcecode.swift; path = HomeView.swift; sourceTree = "<group>"; };
		FA747B1E2F5B2B9E0043EC01 /* ProjectPickerView.swift */ = {isa = PBXFileReference; lastKnownFileType = sourcecode.swift; path = ProjectPickerView.swift; sourceTree = "<group>"; };
		FA747B202F5B2B9E0043EC01 /* ReportCreateView.swift */ = {isa = PBXFileReference; lastKnownFileType = sourcecode.swift; path = ReportCreateView.swift; sourceTree = "<group>"; };
		FA747B222F5B2B9E0043EC01 /* ImagePicker.swift */ = {isa = PBXFileReference; lastKnownFileType = sourcecode.swift; path = ImagePicker.swift; sourceTree = "<group>"; };
		FA747B232F5B2B9E0043EC01 /* Info.plist */ = {isa = PBXFileReference; lastKnownFileType = text.plist.xml; path = Info.plist; sourceTree = "<group>"; };
		FA747B392F5B2BA40043EC01 /* AppStateStore.swift */ = {isa = PBXFileReference; lastKnownFileType = sourcecode.swift; path = AppStateStore.swift; sourceTree = "<group>"; };
		FA747B3B2F5B2BA40043EC01 /* NetworkMonitor.swift */ = {isa = PBXFileReference; lastKnownFileType = sourcecode.swift; path = NetworkMonitor.swift; sourceTree = "<group>"; };
		FA747B3D2F5B2BA40043EC01 /* SyncService.swift */ = {isa = PBXFileReference; lastKnownFileType = sourcecode.swift; path = SyncService.swift; sourceTree = "<group>"; };
		FA747B412F5B2BA50043EC01 /* Operation.swift */ = {isa = PBXFileReference; lastKnownFileType = sourcecode.swift; path = Operation.swift; sourceTree = "<group>"; };
		FA747B432F5B2BA50043EC01 /* OperationQueueStore.swift */ = {isa = PBXFileReference; lastKnownFileType = sourcecode.swift; path = OperationQueueStore.swift; sourceTree = "<group>"; };
		FA747B452F5B2BA50043EC01 /* OperationQueueExecutor.swift */ = {isa = PBXFileReference; lastKnownFileType = sourcecode.swift; path = OperationQueueExecutor.swift; sourceTree = "<group>"; };
		FA747B472F5B2BA50043EC01 /* CameraPicker.swift */ = {isa = PBXFileReference; lastKnownFileType = sourcecode.swift; path = CameraPicker.swift; sourceTree = "<group>"; };
		FA747B492F5B2BA60043EC01 /* BackgroundUploadService.swift */ = {isa = PBXFileReference; lastKnownFileType = sourcecode.swift; path = BackgroundUploadService.swift; sourceTree = "<group>"; };
		FA747B4B2F5B2BA60043EC01 /* AiStroykaWorkerAppDelegate.swift */ = {isa = PBXFileReference; lastKnownFileType = sourcecode.swift; path = AiStroykaWorkerAppDelegate.swift; sourceTree = "<group>"; };
		FA747B4D2F5B2BA60043EC01 /* TaskDetailView.swift */ = {isa = PBXFileReference; lastKnownFileType = sourcecode.swift; path = TaskDetailView.swift; sourceTree = "<group>"; };
		FA747B4E2F5B2BA60043EC01 /* AiStroykaWorker.entitlements */ = {isa = PBXFileReference; lastKnownFileType = text.plist.entitlements; path = AiStroykaWorker.entitlements; sourceTree = "<group>"; };
		FA747B512F5B2BA60043EC01 /* PushRegistrationService.swift */ = {isa = PBXFileReference; lastKnownFileType = sourcecode.swift; path = PushRegistrationService.swift; sourceTree = "<group>"; };
		FA747B532F5B2BA60043EC01 /* LocalReminderService.swift */ = {isa = PBXFileReference; lastKnownFileType = sourcecode.swift; path = LocalReminderService.swift; sourceTree = "<group>"; };
		FA747B542F5B2BA60043EC02 /* Secrets.xcconfig */ = {isa = PBXFileReference; lastKnownFileType = text.xcconfig; path = Secrets.xcconfig; sourceTree = "<group>"; };
		FA7480012F5B2BA60043EC01 /* AiStroyka Manager.app */ = {isa = PBXFileReference; explicitFileType = wrapper.application; includeInIndex = 0; path = "AiStroyka Manager.app"; sourceTree = BUILT_PRODUCTS_DIR; };
		FA7480032F5B2BA60043EC01 /* AiStroykaManagerApp.swift */ = {isa = PBXFileReference; lastKnownFileType = sourcecode.swift; path = AiStroykaManagerApp.swift; sourceTree = "<group>"; };
		FA7480052F5B2BA60043EC01 /* ManagerSessionState.swift */ = {isa = PBXFileReference; lastKnownFileType = sourcecode.swift; path = ManagerSessionState.swift; sourceTree = "<group>"; };
		FA7480072F5B2BA60043EC01 /* ManagerRootView.swift */ = {isa = PBXFileReference; lastKnownFileType = sourcecode.swift; path = ManagerRootView.swift; sourceTree = "<group>"; };
		FA7480082F5B2BA60043EC01 /* Info.plist */ = {isa = PBXFileReference; lastKnownFileType = text.plist.xml; path = Info.plist; sourceTree = "<group>"; };
		FA74800A2F5B2BA60043EC01 /* Assets.xcassets */ = {isa = PBXFileReference; lastKnownFileType = folder.assetcatalog; path = Assets.xcassets; sourceTree = "<group>"; };
		FA74800C2F5B2BA60043EC01 /* ManagerLoginView.swift */ = {isa = PBXFileReference; lastKnownFileType = sourcecode.swift; path = ManagerLoginView.swift; sourceTree = "<group>"; };
		FA74800E2F5B2BA60043EC01 /* ManagerUnauthorizedView.swift */ = {isa = PBXFileReference; lastKnownFileType = sourcecode.swift; path = ManagerUnauthorizedView.swift; sourceTree = "<group>"; };
		FA7480102F5B2BA60043EC01 /* ManagerTabShell.swift */ = {isa = PBXFileReference; lastKnownFileType = sourcecode.swift; path = ManagerTabShell.swift; sourceTree = "<group>"; };
		FA7480122F5B2BA60043EC01 /* HomeDashboardView.swift */ = {isa = PBXFileReference; lastKnownFileType = sourcecode.swift; path = HomeDashboardView.swift; sourceTree = "<group>"; };
		FA7480142F5B2BA60043EC01 /* ProjectsListView.swift */ = {isa = PBXFileReference; lastKnownFileType = sourcecode.swift; path = ProjectsListView.swift; sourceTree = "<group>"; };
		FA7480162F5B2BA60043EC01 /* TasksListPlaceholderView.swift */ = {isa = PBXFileReference; lastKnownFileType = sourcecode.swift; path = TasksListPlaceholderView.swift; sourceTree = "<group>"; };
		FA7480182F5B2BA60043EC01 /* ReportsInboxPlaceholderView.swift */ = {isa = PBXFileReference; lastKnownFileType = sourcecode.swift; path = ReportsInboxPlaceholderView.swift; sourceTree = "<group>"; };
		FA74801A2F5B2BA60043EC01 /* TeamOverviewPlaceholderView.swift */ = {isa = PBXFileReference; lastKnownFileType = sourcecode.swift; path = TeamOverviewPlaceholderView.swift; sourceTree = "<group>"; };
		FA74801C2F5B2BA60043EC01 /* AICopilotPlaceholderView.swift */ = {isa = PBXFileReference; lastKnownFileType = sourcecode.swift; path = AICopilotPlaceholderView.swift; sourceTree = "<group>"; };
		FA74801E2F5B2BA60043EC01 /* ManagerMoreView.swift */ = {isa = PBXFileReference; lastKnownFileType = sourcecode.swift; path = ManagerMoreView.swift; sourceTree = "<group>"; };
		FA7480202F5B2BA60043EC01 /* ManagerSettingsView.swift */ = {isa = PBXFileReference; lastKnownFileType = sourcecode.swift; path = ManagerSettingsView.swift; sourceTree = "<group>"; };
		FA7480222F5B2BA60043EC01 /* NotificationsPlaceholderView.swift */ = {isa = PBXFileReference; lastKnownFileType = sourcecode.swift; path = NotificationsPlaceholderView.swift; sourceTree = "<group>"; };
		FA74803C2F5B2BA60043EC01 /* ManagerAPI.swift */ = {isa = PBXFileReference; lastKnownFileType = sourcecode.swift; path = ManagerAPI.swift; sourceTree = "<group>"; };
		FA7480412F5B2BA60043EC01 /* LoadingStateView.swift */ = {isa = PBXFileReference; lastKnownFileType = sourcecode.swift; path = LoadingStateView.swift; sourceTree = "<group>"; };
		FA7480432F5B2BA60043EC01 /* EmptyStateView.swift */ = {isa = PBXFileReference; lastKnownFileType = sourcecode.swift; path = EmptyStateView.swift; sourceTree = "<group>"; };
		FA7480452F5B2BA60043EC01 /* ErrorStateView.swift */ = {isa = PBXFileReference; lastKnownFileType = sourcecode.swift; path = ErrorStateView.swift; sourceTree = "<group>"; };
		FA7480472F5B2BA60043EC01 /* KPICard.swift */ = {isa = PBXFileReference; lastKnownFileType = sourcecode.swift; path = KPICard.swift; sourceTree = "<group>"; };
		FA7480512F5B2BA60043EC01 /* TeamOverviewView.swift */ = {isa = PBXFileReference; lastKnownFileType = sourcecode.swift; path = TeamOverviewView.swift; sourceTree = "<group>"; };
		FA7480532F5B2BA60043EC01 /* ReportsInboxView.swift */ = {isa = PBXFileReference; lastKnownFileType = sourcecode.swift; path = ReportsInboxView.swift; sourceTree = "<group>"; };
		FA7480552F5B2BA60043EC01 /* TasksListView.swift */ = {isa = PBXFileReference; lastKnownFileType = sourcecode.swift; path = TasksListView.swift; sourceTree = "<group>"; };
		FA7480572F5B2BA60043EC01 /* AITabView.swift */ = {isa = PBXFileReference; lastKnownFileType = sourcecode.swift; path = AITabView.swift; sourceTree = "<group>"; };
		FA7480592F5B2BA60043EC01 /* SectionHeaderView.swift */ = {isa = PBXFileReference; lastKnownFileType = sourcecode.swift; path = SectionHeaderView.swift; sourceTree = "<group>"; };
/* End PBXFileReference section */

/* Begin PBXFrameworksBuildPhase section */
		FA747A102F5B2B9E0043EC01 /* Frameworks */ = {
			isa = PBXFrameworksBuildPhase;
			buildActionMask = 2147483647;
			files = (
			);
			runOnlyForDeploymentPostprocessing = 0;
		};
		FA747A202F5B2BA20043EC01 /* Frameworks */ = {
			isa = PBXFrameworksBuildPhase;
			buildActionMask = 2147483647;
			files = (
			);
			runOnlyForDeploymentPostprocessing = 0;
		};
		FA747A2A2F5B2BA30043EC01 /* Frameworks */ = {
			isa = PBXFrameworksBuildPhase;
			buildActionMask = 2147483647;
			files = (
			);
			runOnlyForDeploymentPostprocessing = 0;
		};
		FA7480382F5B2BA60043EC01 /* Frameworks */ = {
			isa = PBXFrameworksBuildPhase;
			buildActionMask = 2147483647;
			files = (
			);
			runOnlyForDeploymentPostprocessing = 0;
		};
/* End PBXFrameworksBuildPhase section */

/* Begin PBXGroup section */
		FA747A0A2F5B2B9E0043EC01 = {
			isa = PBXGroup;
			children = (
				FA747B552F5B2BA60043EC02 /* Config */,
				FA747A152F5B2B9E0043EC01 /* AiStroykaWorker */,
				FA7480302F5B2BA60043EC01 /* AiStroykaManager */,
				FA747A262F5B2BA20043EC01 /* AiStroykaWorkerTests */,
				FA747A302F5B2BA30043EC01 /* AiStroykaWorkerUITests */,
				FA747A142F5B2B9E0043EC01 /* Products */,
			);
			sourceTree = "<group>";
		};
		FA747A142F5B2B9E0043EC01 /* Products */ = {
			isa = PBXGroup;
			children = (
				FA747A132F5B2B9E0043EC01 /* AiStroykaWorker.app */,
				FA7480012F5B2BA60043EC01 /* AiStroyka Manager.app */,
				FA747A232F5B2BA20043EC01 /* AiStroykaWorkerTests.xctest */,
				FA747A2D2F5B2BA30043EC01 /* AiStroykaWorkerUITests.xctest */,
			);
			name = Products;
			sourceTree = "<group>";
		};
		FA7480302F5B2BA60043EC01 /* AiStroykaManager */ = {
			isa = PBXGroup;
			children = (
				FA7480032F5B2BA60043EC01 /* AiStroykaManagerApp.swift */,
				FA7480052F5B2BA60043EC01 /* ManagerSessionState.swift */,
				FA7480072F5B2BA60043EC01 /* ManagerRootView.swift */,
				FA7480482F5B2BA60043EC01 /* Design */,
				FA74803D2F5B2BA60043EC01 /* Services */,
				FA7480312F5B2BA60043EC01 /* Views */,
				FA7480082F5B2BA60043EC01 /* Info.plist */,
				FA74800A2F5B2BA60043EC01 /* Assets.xcassets */,
			);
			path = AiStroykaManager;
			sourceTree = "<group>";
		};
		FA7480482F5B2BA60043EC01 /* Design */ = {
			isa = PBXGroup;
			children = (
				FA7480412F5B2BA60043EC01 /* LoadingStateView.swift */,
				FA7480432F5B2BA60043EC01 /* EmptyStateView.swift */,
				FA7480452F5B2BA60043EC01 /* ErrorStateView.swift */,
				FA7480472F5B2BA60043EC01 /* KPICard.swift */,
				FA7480592F5B2BA60043EC01 /* SectionHeaderView.swift */,
			);
			path = Design;
			sourceTree = "<group>";
		};
		FA74803D2F5B2BA60043EC01 /* Services */ = {
			isa = PBXGroup;
			children = (
				FA74803C2F5B2BA60043EC01 /* ManagerAPI.swift */,
			);
			path = Services;
			sourceTree = "<group>";
		};
		FA7480312F5B2BA60043EC01 /* Views */ = {
			isa = PBXGroup;
			children = (
				FA74800C2F5B2BA60043EC01 /* ManagerLoginView.swift */,
				FA74800E2F5B2BA60043EC01 /* ManagerUnauthorizedView.swift */,
				FA7480102F5B2BA60043EC01 /* ManagerTabShell.swift */,
				FA7480122F5B2BA60043EC01 /* HomeDashboardView.swift */,
				FA7480142F5B2BA60043EC01 /* ProjectsListView.swift */,
				FA7480162F5B2BA60043EC01 /* TasksListPlaceholderView.swift */,
				FA7480552F5B2BA60043EC01 /* TasksListView.swift */,
				FA7480182F5B2BA60043EC01 /* ReportsInboxPlaceholderView.swift */,
				FA7480532F5B2BA60043EC01 /* ReportsInboxView.swift */,
				FA74801A2F5B2BA60043EC01 /* TeamOverviewPlaceholderView.swift */,
				FA7480512F5B2BA60043EC01 /* TeamOverviewView.swift */,
				FA74801C2F5B2BA60043EC01 /* AICopilotPlaceholderView.swift */,
				FA7480572F5B2BA60043EC01 /* AITabView.swift */,
				FA74801E2F5B2BA60043EC01 /* ManagerMoreView.swift */,
				FA7480202F5B2BA60043EC01 /* ManagerSettingsView.swift */,
				FA7480222F5B2BA60043EC01 /* NotificationsPlaceholderView.swift */,
			);
			path = Views;
			sourceTree = "<group>";
		};
		FA747A152F5B2B9E0043EC01 /* AiStroykaWorker */ = {
			isa = PBXGroup;
			children = (
				FA747A162F5B2B9E0043EC01 /* AiStroykaWorkerApp.swift */,
				FA747B4B2F5B2BA60043EC01 /* AiStroykaWorkerAppDelegate.swift */,
				FA747B022F5B2B9E0043EC01 /* AppState.swift */,
				FA747B042F5B2B9E0043EC01 /* RootView.swift */,
				FA747B242F5B2B9E0043EC01 /* Core */,
				FA747B252F5B2B9E0043EC01 /* Networking */,
				FA747B262F5B2B9E0043EC01 /* Services */,
				FA747B272F5B2B9E0043EC01 /* Views */,
				FA747B3E2F5B2BA40043EC01 /* Persistence */,
				FA747B232F5B2B9E0043EC01 /* Info.plist */,
				FA747B4E2F5B2BA60043EC01 /* AiStroykaWorker.entitlements */,
				FA747A1A2F5B2BA20043EC01 /* Assets.xcassets */,
				FA747A1C2F5B2BA20043EC01 /* Preview Content */,
			);
			path = AiStroykaWorker;
			sourceTree = "<group>";
		};
		FA747A1C2F5B2BA20043EC01 /* Preview Content */ = {
			isa = PBXGroup;
			children = (
				FA747A1D2F5B2BA20043EC01 /* Preview Assets.xcassets */,
			);
			path = "Preview Content";
			sourceTree = "<group>";
		};
		FA747A262F5B2BA20043EC01 /* AiStroykaWorkerTests */ = {
			isa = PBXGroup;
			children = (
				FA747A272F5B2BA20043EC01 /* AiStroykaWorkerTests.swift */,
			);
			path = AiStroykaWorkerTests;
			sourceTree = "<group>";
		};
		FA747A302F5B2BA30043EC01 /* AiStroykaWorkerUITests */ = {
			isa = PBXGroup;
			children = (
				FA747A312F5B2BA30043EC01 /* AiStroykaWorkerUITests.swift */,
				FA747A332F5B2BA30043EC01 /* AiStroykaWorkerUITestsLaunchTests.swift */,
			);
			path = AiStroykaWorkerUITests;
			sourceTree = "<group>";
		};
		FA747B242F5B2B9E0043EC01 /* Core */ = {
			isa = PBXGroup;
			children = (
				FA747B062F5B2B9E0043EC01 /* APIError.swift */,
				FA747B082F5B2B9E0043EC01 /* Config.swift */,
				FA747B0A2F5B2B9E0043EC01 /* DeviceContext.swift */,
				FA747B0C2F5B2B9E0043EC01 /* KeychainHelper.swift */,
				FA747B3B2F5B2BA40043EC01 /* NetworkMonitor.swift */,
			);
			path = Core;
			sourceTree = "<group>";
		};
		FA747B252F5B2B9E0043EC01 /* Networking */ = {
			isa = PBXGroup;
			children = (
				FA747B0E2F5B2B9E0043EC01 /* APIClient.swift */,
				FA747B102F5B2B9E0043EC01 /* Endpoints.swift */,
			);
			path = Networking;
			sourceTree = "<group>";
		};
		FA747B262F5B2B9E0043EC01 /* Services */ = {
			isa = PBXGroup;
			children = (
				FA747B122F5B2B9E0043EC01 /* AuthService.swift */,
				FA747B142F5B2B9E0043EC01 /* UploadManager.swift */,
				FA747B162F5B2B9E0043EC01 /* WorkerAPI.swift */,
				FA747B3D2F5B2BA40043EC01 /* SyncService.swift */,
				FA747B452F5B2BA50043EC01 /* OperationQueueExecutor.swift */,
				FA747B492F5B2BA60043EC01 /* BackgroundUploadService.swift */,
				FA747B512F5B2BA60043EC01 /* PushRegistrationService.swift */,
				FA747B532F5B2BA60043EC01 /* LocalReminderService.swift */,
			);
			path = Services;
			sourceTree = "<group>";
		};
		FA747B272F5B2B9E0043EC01 /* Views */ = {
			isa = PBXGroup;
			children = (
				FA747B182F5B2B9E0043EC01 /* LoginView.swift */,
				FA747B1A2F5B2B9E0043EC01 /* HomeContainerView.swift */,
				FA747B1C2F5B2B9E0043EC01 /* HomeView.swift */,
				FA747B1E2F5B2B9E0043EC01 /* ProjectPickerView.swift */,
				FA747B202F5B2B9E0043EC01 /* ReportCreateView.swift */,
				FA747B4D2F5B2BA60043EC01 /* TaskDetailView.swift */,
				FA747B222F5B2B9E0043EC01 /* ImagePicker.swift */,
				FA747B472F5B2BA50043EC01 /* CameraPicker.swift */,
			);
			path = Views;
			sourceTree = "<group>";
		};
		FA747B3E2F5B2BA40043EC01 /* Persistence */ = {
			isa = PBXGroup;
			children = (
				FA747B392F5B2BA40043EC01 /* AppStateStore.swift */,
				FA747B412F5B2BA50043EC01 /* Operation.swift */,
				FA747B432F5B2BA50043EC01 /* OperationQueueStore.swift */,
			);
			path = Persistence;
			sourceTree = "<group>";
		};
		FA747B552F5B2BA60043EC02 /* Config */ = {
			isa = PBXGroup;
			children = (
				FA747B542F5B2BA60043EC02 /* Secrets.xcconfig */,
			);
			path = "../Config";
			sourceTree = "<group>";
		};
/* End PBXGroup section */

/* Begin PBXNativeTarget section */
		FA747A122F5B2B9E0043EC01 /* AiStroykaWorker */ = {
			isa = PBXNativeTarget;
			buildConfigurationList = FA747A372F5B2BA30043EC01 /* Build configuration list for PBXNativeTarget "AiStroykaWorker" */;
			buildPhases = (
				FA747A0F2F5B2B9E0043EC01 /* Sources */,
				FA747A102F5B2B9E0043EC01 /* Frameworks */,
				FA747A112F5B2B9E0043EC01 /* Resources */,
			);
			buildRules = (
			);
			dependencies = (
			);
			name = AiStroykaWorker;
			productName = AiStroykaWorker;
			productReference = FA747A132F5B2B9E0043EC01 /* AiStroykaWorker.app */;
			productType = "com.apple.product-type.application";
		};
		FA747A222F5B2BA20043EC01 /* AiStroykaWorkerTests */ = {
			isa = PBXNativeTarget;
			buildConfigurationList = FA747A3A2F5B2BA30043EC01 /* Build configuration list for PBXNativeTarget "AiStroykaWorkerTests" */;
			buildPhases = (
				FA747A1F2F5B2BA20043EC01 /* Sources */,
				FA747A202F5B2BA20043EC01 /* Frameworks */,
				FA747A212F5B2BA20043EC01 /* Resources */,
			);
			buildRules = (
			);
			dependencies = (
				FA747A252F5B2BA20043EC01 /* PBXTargetDependency */,
			);
			name = AiStroykaWorkerTests;
			productName = AiStroykaWorkerTests;
			productReference = FA747A232F5B2BA20043EC01 /* AiStroykaWorkerTests.xctest */;
			productType = "com.apple.product-type.bundle.unit-test";
		};
		FA747A2C2F5B2BA30043EC01 /* AiStroykaWorkerUITests */ = {
			isa = PBXNativeTarget;
			buildConfigurationList = FA747A3D2F5B2BA30043EC01 /* Build configuration list for PBXNativeTarget "AiStroykaWorkerUITests" */;
			buildPhases = (
				FA747A292F5B2BA30043EC01 /* Sources */,
				FA747A2A2F5B2BA30043EC01 /* Frameworks */,
				FA747A2B2F5B2BA30043EC01 /* Resources */,
			);
			buildRules = (
			);
			dependencies = (
				FA747A2F2F5B2BA30043EC01 /* PBXTargetDependency */,
			);
			name = AiStroykaWorkerUITests;
			productName = AiStroykaWorkerUITests;
			productReference = FA747A2D2F5B2BA30043EC01 /* AiStroykaWorkerUITests.xctest */;
			productType = "com.apple.product-type.bundle.ui-testing";
		};
		FA7480362F5B2BA60043EC01 /* AiStroyka Manager */ = {
			isa = PBXNativeTarget;
			buildConfigurationList = FA7480372F5B2BA60043EC01 /* Build configuration list for PBXNativeTarget "AiStroyka Manager" */;
			buildPhases = (
				FA7480342F5B2BA60043EC01 /* Sources */,
				FA7480382F5B2BA60043EC01 /* Frameworks */,
				FA7480352F5B2BA60043EC01 /* Resources */,
			);
			buildRules = (
			);
			dependencies = (
			);
			name = "AiStroyka Manager";
			productName = "AiStroyka Manager";
			productReference = FA7480012F5B2BA60043EC01 /* AiStroyka Manager.app */;
			productType = "com.apple.product-type.application";
		};
/* End PBXNativeTarget section */

/* Begin PBXProject section */
		FA747A0B2F5B2B9E0043EC01 /* Project object */ = {
			isa = PBXProject;
			attributes = {
				BuildIndependentTargetsInParallel = 1;
				LastSwiftUpdateCheck = 1520;
				LastUpgradeCheck = 1520;
				TargetAttributes = {
					FA747A122F5B2B9E0043EC01 = {
						CreatedOnToolsVersion = 15.2;
					};
					FA7480362F5B2BA60043EC01 = {
						CreatedOnToolsVersion = 15.2;
					};
					FA747A222F5B2BA20043EC01 = {
						CreatedOnToolsVersion = 15.2;
						TestTargetID = FA747A122F5B2B9E0043EC01;
					};
					FA747A2C2F5B2BA30043EC01 = {
						CreatedOnToolsVersion = 15.2;
						TestTargetID = FA747A122F5B2B9E0043EC01;
					};
				};
			};
			buildConfigurationList = FA747A0E2F5B2B9E0043EC01 /* Build configuration list for PBXProject "AiStroykaWorker" */;
			compatibilityVersion = "Xcode 14.0";
			developmentRegion = en;
			hasScannedForEncodings = 0;
			knownRegions = (
				en,
				Base,
			);
			mainGroup = FA747A0A2F5B2B9E0043EC01;
			productRefGroup = FA747A142F5B2B9E0043EC01 /* Products */;
			projectDirPath = "";
			projectRoot = "";
			targets = (
				FA747A122F5B2B9E0043EC01 /* AiStroykaWorker */,
				FA7480362F5B2BA60043EC01 /* AiStroyka Manager */,
				FA747A222F5B2BA20043EC01 /* AiStroykaWorkerTests */,
				FA747A2C2F5B2BA30043EC01 /* AiStroykaWorkerUITests */,
			);
		};
/* End PBXProject section */

/* Begin PBXResourcesBuildPhase section */
		FA747A112F5B2B9E0043EC01 /* Resources */ = {
			isa = PBXResourcesBuildPhase;
			buildActionMask = 2147483647;
			files = (
				FA747A1E2F5B2BA20043EC01 /* Preview Assets.xcassets in Resources */,
				FA747A1B2F5B2BA20043EC01 /* Assets.xcassets in Resources */,
			);
			runOnlyForDeploymentPostprocessing = 0;
		};
		FA747A212F5B2BA20043EC01 /* Resources */ = {
			isa = PBXResourcesBuildPhase;
			buildActionMask = 2147483647;
			files = (
			);
			runOnlyForDeploymentPostprocessing = 0;
		};
		FA747A2B2F5B2BA30043EC01 /* Resources */ = {
			isa = PBXResourcesBuildPhase;
			buildActionMask = 2147483647;
			files = (
			);
			runOnlyForDeploymentPostprocessing = 0;
		};
		FA7480352F5B2BA60043EC01 /* Resources */ = {
			isa = PBXResourcesBuildPhase;
			buildActionMask = 2147483647;
			files = (
				FA7480092F5B2BA60043EC01 /* Assets.xcassets in Resources */,
			);
			runOnlyForDeploymentPostprocessing = 0;
		};
/* End PBXResourcesBuildPhase section */

/* Begin PBXSourcesBuildPhase section */
		FA747A0F2F5B2B9E0043EC01 /* Sources */ = {
			isa = PBXSourcesBuildPhase;
			buildActionMask = 2147483647;
			files = (
				FA747A172F5B2B9E0043EC01 /* AiStroykaWorkerApp.swift in Sources */,
				FA747B012F5B2B9E0043EC01 /* AppState.swift in Sources */,
				FA747B032F5B2B9E0043EC01 /* RootView.swift in Sources */,
				FA747B052F5B2B9E0043EC01 /* APIError.swift in Sources */,
				FA747B072F5B2B9E0043EC01 /* Config.swift in Sources */,
				FA747B092F5B2B9E0043EC01 /* DeviceContext.swift in Sources */,
				FA747B0B2F5B2B9E0043EC01 /* KeychainHelper.swift in Sources */,
				FA747B0D2F5B2B9E0043EC01 /* APIClient.swift in Sources */,
				FA747B0F2F5B2B9E0043EC01 /* Endpoints.swift in Sources */,
				FA747B112F5B2B9E0043EC01 /* AuthService.swift in Sources */,
				FA747B132F5B2B9E0043EC01 /* UploadManager.swift in Sources */,
				FA747B152F5B2B9E0043EC01 /* WorkerAPI.swift in Sources */,
				FA747B172F5B2B9E0043EC01 /* LoginView.swift in Sources */,
				FA747B192F5B2B9E0043EC01 /* HomeContainerView.swift in Sources */,
				FA747B1B2F5B2B9E0043EC01 /* HomeView.swift in Sources */,
				FA747B1D2F5B2B9E0043EC01 /* ProjectPickerView.swift in Sources */,
				FA747B1F2F5B2B9E0043EC01 /* ReportCreateView.swift in Sources */,
				FA747B4C2F5B2BA60043EC01 /* TaskDetailView.swift in Sources */,
				FA747B212F5B2B9E0043EC01 /* ImagePicker.swift in Sources */,
				FA747B382F5B2BA40043EC01 /* AppStateStore.swift in Sources */,
				FA747B3A2F5B2BA40043EC01 /* NetworkMonitor.swift in Sources */,
				FA747B3C2F5B2BA40043EC01 /* SyncService.swift in Sources */,
				FA747B402F5B2BA50043EC01 /* Operation.swift in Sources */,
				FA747B422F5B2BA50043EC01 /* OperationQueueStore.swift in Sources */,
				FA747B442F5B2BA50043EC01 /* OperationQueueExecutor.swift in Sources */,
				FA747B462F5B2BA50043EC01 /* CameraPicker.swift in Sources */,
				FA747B482F5B2BA60043EC01 /* BackgroundUploadService.swift in Sources */,
				FA747B4A2F5B2BA60043EC01 /* AiStroykaWorkerAppDelegate.swift in Sources */,
				FA747B502F5B2BA60043EC01 /* PushRegistrationService.swift in Sources */,
				FA747B522F5B2BA60043EC01 /* LocalReminderService.swift in Sources */,
			);
			runOnlyForDeploymentPostprocessing = 0;
		};
		FA747A1F2F5B2BA20043EC01 /* Sources */ = {
			isa = PBXSourcesBuildPhase;
			buildActionMask = 2147483647;
			files = (
				FA747A282F5B2BA20043EC01 /* AiStroykaWorkerTests.swift in Sources */,
			);
			runOnlyForDeploymentPostprocessing = 0;
		};
		FA747A292F5B2BA30043EC01 /* Sources */ = {
			isa = PBXSourcesBuildPhase;
			buildActionMask = 2147483647;
			files = (
				FA747A342F5B2BA30043EC01 /* AiStroykaWorkerUITestsLaunchTests.swift in Sources */,
				FA747A322F5B2BA30043EC01 /* AiStroykaWorkerUITests.swift in Sources */,
			);
			runOnlyForDeploymentPostprocessing = 0;
		};
		FA7480342F5B2BA60043EC01 /* Sources */ = {
			isa = PBXSourcesBuildPhase;
			buildActionMask = 2147483647;
			files = (
				FA7480022F5B2BA60043EC01 /* AiStroykaManagerApp.swift in Sources */,
				FA7480042F5B2BA60043EC01 /* ManagerSessionState.swift in Sources */,
				FA7480062F5B2BA60043EC01 /* ManagerRootView.swift in Sources */,
				FA74800B2F5B2BA60043EC01 /* ManagerLoginView.swift in Sources */,
				FA74800D2F5B2BA60043EC01 /* ManagerUnauthorizedView.swift in Sources */,
				FA74800F2F5B2BA60043EC01 /* ManagerTabShell.swift in Sources */,
				FA7480112F5B2BA60043EC01 /* HomeDashboardView.swift in Sources */,
				FA7480132F5B2BA60043EC01 /* ProjectsListView.swift in Sources */,
				FA7480152F5B2BA60043EC01 /* TasksListPlaceholderView.swift in Sources */,
				FA7480542F5B2BA60043EC01 /* TasksListView.swift in Sources */,
				FA7480172F5B2BA60043EC01 /* ReportsInboxPlaceholderView.swift in Sources */,
				FA7480522F5B2BA60043EC01 /* ReportsInboxView.swift in Sources */,
				FA7480192F5B2BA60043EC01 /* TeamOverviewPlaceholderView.swift in Sources */,
				FA7480502F5B2BA60043EC01 /* TeamOverviewView.swift in Sources */,
				FA7480562F5B2BA60043EC01 /* AITabView.swift in Sources */,
				FA7480582F5B2BA60043EC01 /* SectionHeaderView.swift in Sources */,
				FA74801B2F5B2BA60043EC01 /* AICopilotPlaceholderView.swift in Sources */,
				FA74801D2F5B2BA60043EC01 /* ManagerMoreView.swift in Sources */,
				FA74801F2F5B2BA60043EC01 /* ManagerSettingsView.swift in Sources */,
				FA7480212F5B2BA60043EC01 /* NotificationsPlaceholderView.swift in Sources */,
				FA74803B2F5B2BA60043EC01 /* ManagerAPI.swift in Sources */,
				FA7480402F5B2BA60043EC01 /* LoadingStateView.swift in Sources */,
				FA7480422F5B2BA60043EC01 /* EmptyStateView.swift in Sources */,
				FA7480442F5B2BA60043EC01 /* ErrorStateView.swift in Sources */,
				FA7480462F5B2BA60043EC01 /* KPICard.swift in Sources */,
				FA7480232F5B2BA60043EC01 /* APIError.swift in Sources */,
				FA7480242F5B2BA60043EC01 /* Config.swift in Sources */,
				FA7480252F5B2BA60043EC01 /* DeviceContext.swift in Sources */,
				FA7480262F5B2BA60043EC01 /* KeychainHelper.swift in Sources */,
				FA7480272F5B2BA60043EC01 /* APIClient.swift in Sources */,
				FA7480282F5B2BA60043EC01 /* Endpoints.swift in Sources */,
				FA7480292F5B2BA60043EC01 /* AuthService.swift in Sources */,
				FA74802A2F5B2BA60043EC01 /* NetworkMonitor.swift in Sources */,
			);
			runOnlyForDeploymentPostprocessing = 0;
		};
/* End PBXSourcesBuildPhase section */

/* Begin PBXTargetDependency section */
		FA747A252F5B2BA20043EC01 /* PBXTargetDependency */ = {
			isa = PBXTargetDependency;
			target = FA747A122F5B2B9E0043EC01 /* AiStroykaWorker */;
			targetProxy = FA747A242F5B2BA20043EC01 /* PBXContainerItemProxy */;
		};
		FA747A2F2F5B2BA30043EC01 /* PBXTargetDependency */ = {
			isa = PBXTargetDependency;
			target = FA747A122F5B2B9E0043EC01 /* AiStroykaWorker */;
			targetProxy = FA747A2E2F5B2BA30043EC01 /* PBXContainerItemProxy */;
		};
/* End PBXTargetDependency section */

/* Begin XCBuildConfiguration section */
		FA747A352F5B2BA30043EC01 /* Debug */ = {
			isa = XCBuildConfiguration;
			buildSettings = {
				ALWAYS_SEARCH_USER_PATHS = NO;
				ASSETCATALOG_COMPILER_GENERATE_SWIFT_ASSET_SYMBOL_EXTENSIONS = YES;
				CLANG_ANALYZER_NONNULL = YES;
				CLANG_ANALYZER_NUMBER_OBJECT_CONVERSION = YES_AGGRESSIVE;
				CLANG_CXX_LANGUAGE_STANDARD = "gnu++20";
				CLANG_ENABLE_MODULES = YES;
				CLANG_ENABLE_OBJC_ARC = YES;
				CLANG_ENABLE_OBJC_WEAK = YES;
				CLANG_WARN_BLOCK_CAPTURE_AUTORELEASING = YES;
				CLANG_WARN_BOOL_CONVERSION = YES;
				CLANG_WARN_COMMA = YES;
				CLANG_WARN_CONSTANT_CONVERSION = YES;
				CLANG_WARN_DEPRECATED_OBJC_IMPLEMENTATIONS = YES;
				CLANG_WARN_DIRECT_OBJC_ISA_USAGE = YES_ERROR;
				CLANG_WARN_DOCUMENTATION_COMMENTS = YES;
				CLANG_WARN_EMPTY_BODY = YES;
				CLANG_WARN_ENUM_CONVERSION = YES;
				CLANG_WARN_INFINITE_RECURSION = YES;
				CLANG_WARN_INT_CONVERSION = YES;
				CLANG_WARN_NON_LITERAL_NULL_CONVERSION = YES;
				CLANG_WARN_OBJC_IMPLICIT_RETAIN_SELF = YES;
				CLANG_WARN_OBJC_LITERAL_CONVERSION = YES;
				CLANG_WARN_OBJC_ROOT_CLASS = YES_ERROR;
				CLANG_WARN_QUOTED_INCLUDE_IN_FRAMEWORK_HEADER = YES;
				CLANG_WARN_RANGE_LOOP_ANALYSIS = YES;
				CLANG_WARN_STRICT_PROTOTYPES = YES;
				CLANG_WARN_SUSPICIOUS_MOVE = YES;
				CLANG_WARN_UNGUARDED_AVAILABILITY = YES_AGGRESSIVE;
				CLANG_WARN_UNREACHABLE_CODE = YES;
				CLANG_WARN__DUPLICATE_METHOD_MATCH = YES;
				COPY_PHASE_STRIP = NO;
				DEBUG_INFORMATION_FORMAT = dwarf;
				ENABLE_STRICT_OBJC_MSGSEND = YES;
				ENABLE_TESTABILITY = YES;
				ENABLE_USER_SCRIPT_SANDBOXING = YES;
				GCC_C_LANGUAGE_STANDARD = gnu17;
				GCC_DYNAMIC_NO_PIC = NO;
				GCC_NO_COMMON_BLOCKS = YES;
				GCC_OPTIMIZATION_LEVEL = 0;
				GCC_PREPROCESSOR_DEFINITIONS = (
					"DEBUG=1",
					"$(inherited)",
				);
				GCC_WARN_64_TO_32_BIT_CONVERSION = YES;
				GCC_WARN_ABOUT_RETURN_TYPE = YES_ERROR;
				GCC_WARN_UNDECLARED_SELECTOR = YES;
				GCC_WARN_UNINITIALIZED_AUTOS = YES_AGGRESSIVE;
				GCC_WARN_UNUSED_FUNCTION = YES;
				GCC_WARN_UNUSED_VARIABLE = YES;
				IPHONEOS_DEPLOYMENT_TARGET = 17.2;
				LOCALIZATION_PREFERS_STRING_CATALOGS = YES;
				MTL_ENABLE_DEBUG_INFO = INCLUDE_SOURCE;
				MTL_FAST_MATH = YES;
				ONLY_ACTIVE_ARCH = YES;
				SDKROOT = iphoneos;
				SWIFT_ACTIVE_COMPILATION_CONDITIONS = "DEBUG $(inherited)";
				SWIFT_OPTIMIZATION_LEVEL = "-Onone";
			};
			name = Debug;
		};
		FA747A362F5B2BA30043EC01 /* Release */ = {
			isa = XCBuildConfiguration;
			buildSettings = {
				ALWAYS_SEARCH_USER_PATHS = NO;
				ASSETCATALOG_COMPILER_GENERATE_SWIFT_ASSET_SYMBOL_EXTENSIONS = YES;
				CLANG_ANALYZER_NONNULL = YES;
				CLANG_ANALYZER_NUMBER_OBJECT_CONVERSION = YES_AGGRESSIVE;
				CLANG_CXX_LANGUAGE_STANDARD = "gnu++20";
				CLANG_ENABLE_MODULES = YES;
				CLANG_ENABLE_OBJC_ARC = YES;
				CLANG_ENABLE_OBJC_WEAK = YES;
				CLANG_WARN_BLOCK_CAPTURE_AUTORELEASING = YES;
				CLANG_WARN_BOOL_CONVERSION = YES;
				CLANG_WARN_COMMA = YES;
				CLANG_WARN_CONSTANT_CONVERSION = YES;
				CLANG_WARN_DEPRECATED_OBJC_IMPLEMENTATIONS = YES;
				CLANG_WARN_DIRECT_OBJC_ISA_USAGE = YES_ERROR;
				CLANG_WARN_DOCUMENTATION_COMMENTS = YES;
				CLANG_WARN_EMPTY_BODY = YES;
				CLANG_WARN_ENUM_CONVERSION = YES;
				CLANG_WARN_INFINITE_RECURSION = YES;
				CLANG_WARN_INT_CONVERSION = YES;
				CLANG_WARN_NON_LITERAL_NULL_CONVERSION = YES;
				CLANG_WARN_OBJC_IMPLICIT_RETAIN_SELF = YES;
				CLANG_WARN_OBJC_LITERAL_CONVERSION = YES;
				CLANG_WARN_OBJC_ROOT_CLASS = YES_ERROR;
				CLANG_WARN_QUOTED_INCLUDE_IN_FRAMEWORK_HEADER = YES;
				CLANG_WARN_RANGE_LOOP_ANALYSIS = YES;
				CLANG_WARN_STRICT_PROTOTYPES = YES;
				CLANG_WARN_SUSPICIOUS_MOVE = YES;
				CLANG_WARN_UNGUARDED_AVAILABILITY = YES_AGGRESSIVE;
				CLANG_WARN_UNREACHABLE_CODE = YES;
				CLANG_WARN__DUPLICATE_METHOD_MATCH = YES;
				COPY_PHASE_STRIP = NO;
				DEBUG_INFORMATION_FORMAT = "dwarf-with-dsym";
				ENABLE_NS_ASSERTIONS = NO;
				ENABLE_STRICT_OBJC_MSGSEND = YES;
				ENABLE_USER_SCRIPT_SANDBOXING = YES;
				GCC_C_LANGUAGE_STANDARD = gnu17;
				GCC_NO_COMMON_BLOCKS = YES;
				GCC_WARN_64_TO_32_BIT_CONVERSION = YES;
				GCC_WARN_ABOUT_RETURN_TYPE = YES_ERROR;
				GCC_WARN_UNDECLARED_SELECTOR = YES;
				GCC_WARN_UNINITIALIZED_AUTOS = YES_AGGRESSIVE;
				GCC_WARN_UNUSED_FUNCTION = YES;
				GCC_WARN_UNUSED_VARIABLE = YES;
				IPHONEOS_DEPLOYMENT_TARGET = 17.2;
				LOCALIZATION_PREFERS_STRING_CATALOGS = YES;
				MTL_ENABLE_DEBUG_INFO = NO;
				MTL_FAST_MATH = YES;
				SDKROOT = iphoneos;
				SWIFT_COMPILATION_MODE = wholemodule;
				VALIDATE_PRODUCT = YES;
			};
			name = Release;
		};
		FA747A382F5B2BA30043EC01 /* Debug */ = {
			isa = XCBuildConfiguration;
			baseConfigurationReference = FA747B542F5B2BA60043EC02 /* Secrets.xcconfig */;
			buildSettings = {
				ASSETCATALOG_COMPILER_APPICON_NAME = AppIcon;
				ASSETCATALOG_COMPILER_GLOBAL_ACCENT_COLOR_NAME = AccentColor;
				CODE_SIGN_ENTITLEMENTS = AiStroykaWorker/AiStroykaWorker.entitlements;
				CODE_SIGN_IDENTITY = "Apple Development";
				CODE_SIGN_STYLE = Automatic;
				CURRENT_PROJECT_VERSION = 1;
				DEVELOPMENT_ASSET_PATHS = "\"AiStroykaWorker/Preview Content\"";
				DEVELOPMENT_TEAM = 43A4KW5BKB;
				ENABLE_PREVIEWS = YES;
				GENERATE_INFOPLIST_FILE = NO;
				INFOPLIST_FILE = AiStroykaWorker/Info.plist;
				INFOPLIST_KEY_UIApplicationSceneManifest_Generation = YES;
				INFOPLIST_KEY_UIApplicationSupportsIndirectInputEvents = YES;
				INFOPLIST_KEY_UILaunchScreen_Generation = YES;
				INFOPLIST_KEY_UISupportedInterfaceOrientations_iPad = "UIInterfaceOrientationPortrait UIInterfaceOrientationPortraitUpsideDown UIInterfaceOrientationLandscapeLeft UIInterfaceOrientationLandscapeRight";
				INFOPLIST_KEY_UISupportedInterfaceOrientations_iPhone = "UIInterfaceOrientationPortrait UIInterfaceOrientationLandscapeLeft UIInterfaceOrientationLandscapeRight";
				LD_RUNPATH_SEARCH_PATHS = (
					"$(inherited)",
					"@executable_path/Frameworks",
				);
				MARKETING_VERSION = 1.0;
				PRODUCT_BUNDLE_IDENTIFIER = POTA.WorkerLite;
				PRODUCT_NAME = "$(TARGET_NAME)";
				PROVISIONING_PROFILE_SPECIFIER = "";
				SWIFT_EMIT_LOC_STRINGS = YES;
				SWIFT_VERSION = 5.0;
				TARGETED_DEVICE_FAMILY = "1,2";
			};
			name = Debug;
		};
		FA747A392F5B2BA30043EC01 /* Release */ = {
			isa = XCBuildConfiguration;
			baseConfigurationReference = FA747B542F5B2BA60043EC02 /* Secrets.xcconfig */;
			buildSettings = {
				ASSETCATALOG_COMPILER_APPICON_NAME = AppIcon;
				ASSETCATALOG_COMPILER_GLOBAL_ACCENT_COLOR_NAME = AccentColor;
				CODE_SIGN_ENTITLEMENTS = AiStroykaWorker/AiStroykaWorker.entitlements;
				CODE_SIGN_STYLE = Automatic;
				CURRENT_PROJECT_VERSION = 1;
				DEVELOPMENT_ASSET_PATHS = "\"AiStroykaWorker/Preview Content\"";
				DEVELOPMENT_TEAM = 43A4KW5BKB;
				ENABLE_PREVIEWS = YES;
				GENERATE_INFOPLIST_FILE = NO;
				INFOPLIST_FILE = AiStroykaWorker/Info.plist;
				INFOPLIST_KEY_UIApplicationSceneManifest_Generation = YES;
				INFOPLIST_KEY_UIApplicationSupportsIndirectInputEvents = YES;
				INFOPLIST_KEY_UILaunchScreen_Generation = YES;
				INFOPLIST_KEY_UISupportedInterfaceOrientations_iPad = "UIInterfaceOrientationPortrait UIInterfaceOrientationPortraitUpsideDown UIInterfaceOrientationLandscapeLeft UIInterfaceOrientationLandscapeRight";
				INFOPLIST_KEY_UISupportedInterfaceOrientations_iPhone = "UIInterfaceOrientationPortrait UIInterfaceOrientationLandscapeLeft UIInterfaceOrientationLandscapeRight";
				LD_RUNPATH_SEARCH_PATHS = (
					"$(inherited)",
					"@executable_path/Frameworks",
				);
				MARKETING_VERSION = 1.0;
				PRODUCT_BUNDLE_IDENTIFIER = POTA.WorkerLite;
				PRODUCT_NAME = "$(TARGET_NAME)";
				SWIFT_EMIT_LOC_STRINGS = YES;
				SWIFT_VERSION = 5.0;
				TARGETED_DEVICE_FAMILY = "1,2";
			};
			name = Release;
		};
		FA747A3B2F5B2BA30043EC01 /* Debug */ = {
			isa = XCBuildConfiguration;
			buildSettings = {
				ALWAYS_EMBED_SWIFT_STANDARD_LIBRARIES = YES;
				BUNDLE_LOADER = "$(TEST_HOST)";
				CODE_SIGN_STYLE = Automatic;
				CURRENT_PROJECT_VERSION = 1;
				DEVELOPMENT_TEAM = 43A4KW5BKB;
				GENERATE_INFOPLIST_FILE = YES;
				IPHONEOS_DEPLOYMENT_TARGET = 17.2;
				MARKETING_VERSION = 1.0;
				PRODUCT_BUNDLE_IDENTIFIER = POTA.WorkerLiteTests;
				PRODUCT_NAME = "$(TARGET_NAME)";
				SWIFT_EMIT_LOC_STRINGS = NO;
				SWIFT_VERSION = 5.0;
				TARGETED_DEVICE_FAMILY = "1,2";
				TEST_HOST = "$(BUILT_PRODUCTS_DIR)/AiStroykaWorker.app/$(BUNDLE_EXECUTABLE_FOLDER_PATH)/AiStroykaWorker";
			};
			name = Debug;
		};
		FA747A3C2F5B2BA30043EC01 /* Release */ = {
			isa = XCBuildConfiguration;
			buildSettings = {
				ALWAYS_EMBED_SWIFT_STANDARD_LIBRARIES = YES;
				BUNDLE_LOADER = "$(TEST_HOST)";
				CODE_SIGN_STYLE = Automatic;
				CURRENT_PROJECT_VERSION = 1;
				DEVELOPMENT_TEAM = 43A4KW5BKB;
				GENERATE_INFOPLIST_FILE = YES;
				IPHONEOS_DEPLOYMENT_TARGET = 17.2;
				MARKETING_VERSION = 1.0;
				PRODUCT_BUNDLE_IDENTIFIER = POTA.WorkerLiteTests;
				PRODUCT_NAME = "$(TARGET_NAME)";
				SWIFT_EMIT_LOC_STRINGS = NO;
				SWIFT_VERSION = 5.0;
				TARGETED_DEVICE_FAMILY = "1,2";
				TEST_HOST = "$(BUILT_PRODUCTS_DIR)/AiStroykaWorker.app/$(BUNDLE_EXECUTABLE_FOLDER_PATH)/AiStroykaWorker";
			};
			name = Release;
		};
		FA747A3E2F5B2BA30043EC01 /* Debug */ = {
			isa = XCBuildConfiguration;
			buildSettings = {
				ALWAYS_EMBED_SWIFT_STANDARD_LIBRARIES = YES;
				CODE_SIGN_STYLE = Automatic;
				CURRENT_PROJECT_VERSION = 1;
				DEVELOPMENT_TEAM = 43A4KW5BKB;
				GENERATE_INFOPLIST_FILE = YES;
				MARKETING_VERSION = 1.0;
				PRODUCT_BUNDLE_IDENTIFIER = POTA.WorkerLiteUITests;
				PRODUCT_NAME = "$(TARGET_NAME)";
				SWIFT_EMIT_LOC_STRINGS = NO;
				SWIFT_VERSION = 5.0;
				TARGETED_DEVICE_FAMILY = "1,2";
				TEST_TARGET_NAME = AiStroykaWorker;
			};
			name = Debug;
		};
		FA747A3F2F5B2BA30043EC01 /* Release */ = {
			isa = XCBuildConfiguration;
			buildSettings = {
				ALWAYS_EMBED_SWIFT_STANDARD_LIBRARIES = YES;
				CODE_SIGN_STYLE = Automatic;
				CURRENT_PROJECT_VERSION = 1;
				DEVELOPMENT_TEAM = 43A4KW5BKB;
				GENERATE_INFOPLIST_FILE = YES;
				MARKETING_VERSION = 1.0;
				PRODUCT_BUNDLE_IDENTIFIER = POTA.WorkerLiteUITests;
				PRODUCT_NAME = "$(TARGET_NAME)";
				SWIFT_EMIT_LOC_STRINGS = NO;
				SWIFT_VERSION = 5.0;
				TARGETED_DEVICE_FAMILY = "1,2";
				TEST_TARGET_NAME = AiStroykaWorker;
			};
			name = Release;
		};
		FA7480392F5B2BA60043EC01 /* Debug */ = {
			isa = XCBuildConfiguration;
			baseConfigurationReference = FA747B542F5B2BA60043EC02 /* Secrets.xcconfig */;
			buildSettings = {
				ASSETCATALOG_COMPILER_APPICON_NAME = AppIcon;
				ASSETCATALOG_COMPILER_GLOBAL_ACCENT_COLOR_NAME = AccentColor;
				CODE_SIGN_IDENTITY = "Apple Development";
				CODE_SIGN_STYLE = Automatic;
				CURRENT_PROJECT_VERSION = 1;
				DEVELOPMENT_TEAM = 43A4KW5BKB;
				GENERATE_INFOPLIST_FILE = NO;
				INFOPLIST_FILE = AiStroykaManager/Info.plist;
				INFOPLIST_KEY_UIApplicationSceneManifest_Generation = YES;
				INFOPLIST_KEY_UILaunchScreen_Generation = YES;
				INFOPLIST_KEY_UISupportedInterfaceOrientations_iPad = "UIInterfaceOrientationPortrait UIInterfaceOrientationLandscapeLeft UIInterfaceOrientationLandscapeRight";
				INFOPLIST_KEY_UISupportedInterfaceOrientations_iPhone = "UIInterfaceOrientationPortrait UIInterfaceOrientationLandscapeLeft UIInterfaceOrientationLandscapeRight";
				LD_RUNPATH_SEARCH_PATHS = (
					"$(inherited)",
					"@executable_path/Frameworks",
				);
				MARKETING_VERSION = 1.0;
				PRODUCT_BUNDLE_IDENTIFIER = ai.aistroyka.manager;
				PRODUCT_NAME = "AiStroyka Manager";
				PROVISIONING_PROFILE_SPECIFIER = "";
				SWIFT_EMIT_LOC_STRINGS = YES;
				SWIFT_VERSION = 5.0;
				TARGETED_DEVICE_FAMILY = "1,2";
			};
			name = Debug;
		};
		FA74803A2F5B2BA60043EC01 /* Release */ = {
			isa = XCBuildConfiguration;
			baseConfigurationReference = FA747B542F5B2BA60043EC02 /* Secrets.xcconfig */;
			buildSettings = {
				ASSETCATALOG_COMPILER_APPICON_NAME = AppIcon;
				ASSETCATALOG_COMPILER_GLOBAL_ACCENT_COLOR_NAME = AccentColor;
				CODE_SIGN_STYLE = Automatic;
				CURRENT_PROJECT_VERSION = 1;
				DEVELOPMENT_TEAM = 43A4KW5BKB;
				GENERATE_INFOPLIST_FILE = NO;
				INFOPLIST_FILE = AiStroykaManager/Info.plist;
				INFOPLIST_KEY_UIApplicationSceneManifest_Generation = YES;
				INFOPLIST_KEY_UILaunchScreen_Generation = YES;
				INFOPLIST_KEY_UISupportedInterfaceOrientations_iPad = "UIInterfaceOrientationPortrait UIInterfaceOrientationLandscapeLeft UIInterfaceOrientationLandscapeRight";
				INFOPLIST_KEY_UISupportedInterfaceOrientations_iPhone = "UIInterfaceOrientationPortrait UIInterfaceOrientationLandscapeLeft UIInterfaceOrientationLandscapeRight";
				LD_RUNPATH_SEARCH_PATHS = (
					"$(inherited)",
					"@executable_path/Frameworks",
				);
				MARKETING_VERSION = 1.0;
				PRODUCT_BUNDLE_IDENTIFIER = ai.aistroyka.manager;
				PRODUCT_NAME = "AiStroyka Manager";
				SWIFT_EMIT_LOC_STRINGS = YES;
				SWIFT_VERSION = 5.0;
				TARGETED_DEVICE_FAMILY = "1,2";
			};
			name = Release;
		};
/* End XCBuildConfiguration section */

/* Begin XCConfigurationList section */
		FA747A0E2F5B2B9E0043EC01 /* Build configuration list for PBXProject "AiStroykaWorker" */ = {
			isa = XCConfigurationList;
			buildConfigurations = (
				FA747A352F5B2BA30043EC01 /* Debug */,
				FA747A362F5B2BA30043EC01 /* Release */,
			);
			defaultConfigurationIsVisible = 0;
			defaultConfigurationName = Release;
		};
		FA747A372F5B2BA30043EC01 /* Build configuration list for PBXNativeTarget "AiStroykaWorker" */ = {
			isa = XCConfigurationList;
			buildConfigurations = (
				FA747A382F5B2BA30043EC01 /* Debug */,
				FA747A392F5B2BA30043EC01 /* Release */,
			);
			defaultConfigurationIsVisible = 0;
			defaultConfigurationName = Release;
		};
		FA747A3A2F5B2BA30043EC01 /* Build configuration list for PBXNativeTarget "AiStroykaWorkerTests" */ = {
			isa = XCConfigurationList;
			buildConfigurations = (
				FA747A3B2F5B2BA30043EC01 /* Debug */,
				FA747A3C2F5B2BA30043EC01 /* Release */,
			);
			defaultConfigurationIsVisible = 0;
			defaultConfigurationName = Release;
		};
		FA747A3D2F5B2BA30043EC01 /* Build configuration list for PBXNativeTarget "AiStroykaWorkerUITests" */ = {
			isa = XCConfigurationList;
			buildConfigurations = (
				FA747A3E2F5B2BA30043EC01 /* Debug */,
				FA747A3F2F5B2BA30043EC01 /* Release */,
			);
			defaultConfigurationIsVisible = 0;
			defaultConfigurationName = Release;
		};
		FA7480372F5B2BA60043EC01 /* Build configuration list for PBXNativeTarget "AiStroyka Manager" */ = {
			isa = XCConfigurationList;
			buildConfigurations = (
				FA7480392F5B2BA60043EC01 /* Debug */,
				FA74803A2F5B2BA60043EC01 /* Release */,
			);
			defaultConfigurationIsVisible = 0;
			defaultConfigurationName = Release;
		};
/* End XCConfigurationList section */
	};
	rootObject = FA747A0B2F5B2B9E0043EC01 /* Project object */;
}
